
Microsoft Visual Studio Solution File, Format Version 12.00
# Visual Studio 14
VisualStudioVersion = 14.0.24720.0
MinimumVisualStudioVersion = 10.0.40219.1
Project("{FAE04EC0-301F-11D3-BF4B-00C04F79EFBC}") = "AzureSLABViewer.Web", "AzureSLABViewer.Web\AzureSLABViewer.Web.csproj", "{3FDB4E95-8F83-4AE5-A7C7-61D3C3660542}"
EndProject
Global
	GlobalSection(SolutionConfigurationPlatforms) = preSolution
		Debug|Any CPU = Debug|Any CPU
		Release|Any CPU = Release|Any CPU
	EndGlobalSection
	GlobalSection(ProjectConfigurationPlatforms) = postSolution
		{3FDB4E95-8F83-4AE5-A7C7-61D3C3660542}.Debug|Any CPU.ActiveCfg = Debug|Any CPU
		{3FDB4E95-8F83-4AE5-A7C7-61D3C3660542}.Debug|Any CPU.Build.0 = Debug|Any CPU
		{3FDB4E95-8F83-4AE5-A7C7-61D3C3660542}.Release|Any CPU.ActiveCfg = Release|Any CPU
		{3FDB4E95-8F83-4AE5-A7C7-61D3C3660542}.Release|Any CPU.Build.0 = Release|Any CPU
	EndGlobalSection
	GlobalSection(SolutionProperties) = preSolution
		HideSolutionNode = FALSE
	EndGlobalSection
EndGlobal
